// !$*UTF8*$!
{
	archiveVersion = 1;
	classes = {
	};
	objectVersion = 46;
	objects = {

/* Begin PBXBuildFile section */
		D06ED9181D2DA2420061C8BF /* SettingsViewController.swift in Sources */ = {isa = PBXBuildFile; fileRef = D06ED9171D2DA2420061C8BF /* SettingsViewController.swift */; };
		D06ED91A1D2DA25A0061C8BF /* PaymentViewController.swift in Sources */ = {isa = PBXBuildFile; fileRef = D06ED9191D2DA25A0061C8BF /* PaymentViewController.swift */; };
		D0F8FDB71D2D7C3B0070413A /* AppDelegate.swift in Sources */ = {isa = PBXBuildFile; fileRef = D0F8FDB61D2D7C3B0070413A /* AppDelegate.swift */; };
		D0F8FDB91D2D7C3B0070413A /* ViewController.swift in Sources */ = {isa = PBXBuildFile; fileRef = D0F8FDB81D2D7C3B0070413A /* ViewController.swift */; };
		D0F8FDBC1D2D7C3B0070413A /* Main.storyboard in Resources */ = {isa = PBXBuildFile; fileRef = D0F8FDBA1D2D7C3B0070413A /* Main.storyboard */; };
		D0F8FDBF1D2D7C3B0070413A /* KioskIOS.xcdatamodeld in Sources */ = {isa = PBXBuildFile; fileRef = D0F8FDBD1D2D7C3B0070413A /* KioskIOS.xcdatamodeld */; };
		D0F8FDC11D2D7C3B0070413A /* Assets.xcassets in Resources */ = {isa = PBXBuildFile; fileRef = D0F8FDC01D2D7C3B0070413A /* Assets.xcassets */; };
		D0F8FDC41D2D7C3B0070413A /* LaunchScreen.storyboard in Resources */ = {isa = PBXBuildFile; fileRef = D0F8FDC21D2D7C3B0070413A /* LaunchScreen.storyboard */; };
		D0F8FDEC1D2D8C5B0070413A /* ShopViewController.swift in Sources */ = {isa = PBXBuildFile; fileRef = D0F8FDEB1D2D8C5B0070413A /* ShopViewController.swift */; };
		D0F8FDEE1D2D9CA70070413A /* ShopCustomerViewController.swift in Sources */ = {isa = PBXBuildFile; fileRef = D0F8FDED1D2D9CA70070413A /* ShopCustomerViewController.swift */; };
/* End PBXBuildFile section */

/* Begin PBXFileReference section */
		D06ED9171D2DA2420061C8BF /* SettingsViewController.swift */ = {isa = PBXFileReference; fileEncoding = 4; lastKnownFileType = sourcecode.swift; path = SettingsViewController.swift; sourceTree = "<group>"; };
		D06ED9191D2DA25A0061C8BF /* PaymentViewController.swift */ = {isa = PBXFileReference; fileEncoding = 4; lastKnownFileType = sourcecode.swift; path = PaymentViewController.swift; sourceTree = "<group>"; };
		D0F8FDB31D2D7C3B0070413A /* KioskIOS.app */ = {isa = PBXFileReference; explicitFileType = wrapper.application; includeInIndex = 0; path = KioskIOS.app; sourceTree = BUILT_PRODUCTS_DIR; };
		D0F8FDB61D2D7C3B0070413A /* AppDelegate.swift */ = {isa = PBXFileReference; lastKnownFileType = sourcecode.swift; path = AppDelegate.swift; sourceTree = "<group>"; };
		D0F8FDB81D2D7C3B0070413A /* ViewController.swift */ = {isa = PBXFileReference; lastKnownFileType = sourcecode.swift; path = ViewController.swift; sourceTree = "<group>"; };
		D0F8FDBB1D2D7C3B0070413A /* Base */ = {isa = PBXFileReference; lastKnownFileType = file.storyboard; name = Base; path = Base.lproj/Main.storyboard; sourceTree = "<group>"; };
		D0F8FDBE1D2D7C3B0070413A /* KioskIOS.xcdatamodel */ = {isa = PBXFileReference; lastKnownFileType = wrapper.xcdatamodel; path = KioskIOS.xcdatamodel; sourceTree = "<group>"; };
		D0F8FDC01D2D7C3B0070413A /* Assets.xcassets */ = {isa = PBXFileReference; lastKnownFileType = folder.assetcatalog; path = Assets.xcassets; sourceTree = "<group>"; };
		D0F8FDC31D2D7C3B0070413A /* Base */ = {isa = PBXFileReference; lastKnownFileType = file.storyboard; name = Base; path = Base.lproj/LaunchScreen.storyboard; sourceTree = "<group>"; };
		D0F8FDC51D2D7C3B0070413A /* Info.plist */ = {isa = PBXFileReference; lastKnownFileType = text.plist.xml; path = Info.plist; sourceTree = "<group>"; };
		D0F8FDEB1D2D8C5B0070413A /* ShopViewController.swift */ = {isa = PBXFileReference; fileEncoding = 4; lastKnownFileType = sourcecode.swift; path = ShopViewController.swift; sourceTree = "<group>"; };
		D0F8FDED1D2D9CA70070413A /* ShopCustomerViewController.swift */ = {isa = PBXFileReference; fileEncoding = 4; lastKnownFileType = sourcecode.swift; path = ShopCustomerViewController.swift; sourceTree = "<group>"; };
/* End PBXFileReference section */

/* Begin PBXFrameworksBuildPhase section */
		D0F8FDB01D2D7C3B0070413A /* Frameworks */ = {
			isa = PBXFrameworksBuildPhase;
			buildActionMask = 2147483647;
			files = (
			);
			runOnlyForDeploymentPostprocessing = 0;
		};
/* End PBXFrameworksBuildPhase section */

/* Begin PBXGroup section */
		D0F8FDAA1D2D7C3B0070413A = {
			isa = PBXGroup;
			children = (
				D0F8FDB51D2D7C3B0070413A /* KioskIOS */,
				D0F8FDB41D2D7C3B0070413A /* Products */,
			);
			sourceTree = "<group>";
		};
		D0F8FDB41D2D7C3B0070413A /* Products */ = {
			isa = PBXGroup;
			children = (
				D0F8FDB31D2D7C3B0070413A /* KioskIOS.app */,
			);
			name = Products;
			sourceTree = "<group>";
		};
		D0F8FDB51D2D7C3B0070413A /* KioskIOS */ = {
			isa = PBXGroup;
			children = (
				D0F8FDED1D2D9CA70070413A /* ShopCustomerViewController.swift */,
				D0F8FDB61D2D7C3B0070413A /* AppDelegate.swift */,
				D0F8FDB81D2D7C3B0070413A /* ViewController.swift */,
				D0F8FDBA1D2D7C3B0070413A /* Main.storyboard */,
				D0F8FDC01D2D7C3B0070413A /* Assets.xcassets */,
				D0F8FDC21D2D7C3B0070413A /* LaunchScreen.storyboard */,
				D0F8FDC51D2D7C3B0070413A /* Info.plist */,
				D0F8FDBD1D2D7C3B0070413A /* KioskIOS.xcdatamodeld */,
				D0F8FDEB1D2D8C5B0070413A /* ShopViewController.swift */,
				D06ED9171D2DA2420061C8BF /* SettingsViewController.swift */,
				D06ED9191D2DA25A0061C8BF /* PaymentViewController.swift */,
			);
			path = KioskIOS;
			sourceTree = "<group>";
		};
/* End PBXGroup section */

/* Begin PBXNativeTarget section */
		D0F8FDB21D2D7C3B0070413A /* KioskIOS */ = {
			isa = PBXNativeTarget;
			buildConfigurationList = D0F8FDC81D2D7C3B0070413A /* Build configuration list for PBXNativeTarget "KioskIOS" */;
			buildPhases = (
				D0F8FDAF1D2D7C3B0070413A /* Sources */,
				D0F8FDB01D2D7C3B0070413A /* Frameworks */,
				D0F8FDB11D2D7C3B0070413A /* Resources */,
			);
			buildRules = (
			);
			dependencies = (
			);
			name = KioskIOS;
			productName = KioskIOS;
			productReference = D0F8FDB31D2D7C3B0070413A /* KioskIOS.app */;
			productType = "com.apple.product-type.application";
		};
/* End PBXNativeTarget section */

/* Begin PBXProject section */
		D0F8FDAB1D2D7C3B0070413A /* Project object */ = {
			isa = PBXProject;
			attributes = {
				LastSwiftUpdateCheck = 0730;
				LastUpgradeCheck = 0730;
				ORGANIZATIONNAME = techlung;
				TargetAttributes = {
					D0F8FDB21D2D7C3B0070413A = {
						CreatedOnToolsVersion = 7.3.1;
					};
				};
			};
			buildConfigurationList = D0F8FDAE1D2D7C3B0070413A /* Build configuration list for PBXProject "KioskIOS" */;
			compatibilityVersion = "Xcode 3.2";
			developmentRegion = English;
			hasScannedForEncodings = 0;
			knownRegions = (
				en,
				Base,
			);
			mainGroup = D0F8FDAA1D2D7C3B0070413A;
			productRefGroup = D0F8FDB41D2D7C3B0070413A /* Products */;
			projectDirPath = "";
			projectRoot = "";
			targets = (
				D0F8FDB21D2D7C3B0070413A /* KioskIOS */,
			);
		};
/* End PBXProject section */

/* Begin PBXResourcesBuildPhase section */
		D0F8FDB11D2D7C3B0070413A /* Resources */ = {
			isa = PBXResourcesBuildPhase;
			buildActionMask = 2147483647;
			files = (
				D0F8FDC41D2D7C3B0070413A /* LaunchScreen.storyboard in Resources */,
				D0F8FDC11D2D7C3B0070413A /* Assets.xcassets in Resources */,
				D0F8FDBC1D2D7C3B0070413A /* Main.storyboard in Resources */,
			);
			runOnlyForDeploymentPostprocessing = 0;
		};
/* End PBXResourcesBuildPhase section */

/* Begin PBXSourcesBuildPhase section */
		D0F8FDAF1D2D7C3B0070413A /* Sources */ = {
			isa = PBXSourcesBuildPhase;
			buildActionMask = 2147483647;
			files = (
				D06ED91A1D2DA25A0061C8BF /* PaymentViewController.swift in Sources */,
				D0F8FDEC1D2D8C5B0070413A /* ShopViewController.swift in Sources */,
				D0F8FDB91D2D7C3B0070413A /* ViewController.swift in Sources */,
				D0F8FDB71D2D7C3B0070413A /* AppDelegate.swift in Sources */,
				D0F8FDEE1D2D9CA70070413A /* ShopCustomerViewController.swift in Sources */,
				D0F8FDBF1D2D7C3B0070413A /* KioskIOS.xcdatamodeld in Sources */,
				D06ED9181D2DA2420061C8BF /* SettingsViewController.swift in Sources */,
			);
			runOnlyForDeploymentPostprocessing = 0;
		};
/* End PBXSourcesBuildPhase section */

/* Begin PBXVariantGroup section */
		D0F8FDBA1D2D7C3B0070413A /* Main.storyboard */ = {
			isa = PBXVariantGroup;
			children = (
				D0F8FDBB1D2D7C3B0070413A /* Base */,
			);
			name = Main.storyboard;
			sourceTree = "<group>";
		};
		D0F8FDC21D2D7C3B0070413A /* LaunchScreen.storyboard */ = {
			isa = PBXVariantGroup;
			children = (
				D0F8FDC31D2D7C3B0070413A /* Base */,
			);
			name = LaunchScreen.storyboard;
			sourceTree = "<group>";
		};
/* End PBXVariantGroup section */

/* Begin XCBuildConfiguration section */
		D0F8FDC61D2D7C3B0070413A /* Debug */ = {
			isa = XCBuildConfiguration;
			buildSettings = {
				ALWAYS_SEARCH_USER_PATHS = NO;
				CLANG_ANALYZER_NONNULL = YES;
				CLANG_CXX_LANGUAGE_STANDARD = "gnu++0x";
				CLANG_CXX_LIBRARY = "libc++";
				CLANG_ENABLE_MODULES = YES;
				CLANG_ENABLE_OBJC_ARC = YES;
				CLANG_WARN_BOOL_CONVERSION = YES;
				CLANG_WARN_CONSTANT_CONVERSION = YES;
				CLANG_WARN_DIRECT_OBJC_ISA_USAGE = YES_ERROR;
				CLANG_WARN_EMPTY_BODY = YES;
				CLANG_WARN_ENUM_CONVERSION = YES;
				CLANG_WARN_INT_CONVERSION = YES;
				CLANG_WARN_OBJC_ROOT_CLASS = YES_ERROR;
				CLANG_WARN_UNREACHABLE_CODE = YES;
				CLANG_WARN__DUPLICATE_METHOD_MATCH = YES;
				"CODE_SIGN_IDENTITY[sdk=iphoneos*]" = "iPhone Developer";
				COPY_PHASE_STRIP = NO;
				DEBUG_INFORMATION_FORMAT = dwarf;
				ENABLE_STRICT_OBJC_MSGSEND = YES;
				ENABLE_TESTABILITY = YES;
				GCC_C_LANGUAGE_STANDARD = gnu99;
				GCC_DYNAMIC_NO_PIC = NO;
				GCC_NO_COMMON_BLOCKS = YES;
				GCC_OPTIMIZATION_LEVEL = 0;
				GCC_PREPROCESSOR_DEFINITIONS = (
					"DEBUG=1",
					"$(inherited)",
				);
				GCC_WARN_64_TO_32_BIT_CONVERSION = YES;
				GCC_WARN_ABOUT_RETURN_TYPE = YES_ERROR;
				GCC_WARN_UNDECLARED_SELECTOR = YES;
				GCC_WARN_UNINITIALIZED_AUTOS = YES_AGGRESSIVE;
				GCC_WARN_UNUSED_FUNCTION = YES;
				GCC_WARN_UNUSED_VARIABLE = YES;
				IPHONEOS_DEPLOYMENT_TARGET = 9.3;
				MTL_ENABLE_DEBUG_INFO = YES;
				ONLY_ACTIVE_ARCH = YES;
				SDKROOT = iphoneos;
				SWIFT_OPTIMIZATION_LEVEL = "-Onone";
			};
			name = Debug;
		};
		D0F8FDC71D2D7C3B0070413A /* Release */ = {
			isa = XCBuildConfiguration;
			buildSettings = {
				ALWAYS_SEARCH_USER_PATHS = NO;
				CLANG_ANALYZER_NONNULL = YES;
				CLANG_CXX_LANGUAGE_STANDARD = "gnu++0x";
				CLANG_CXX_LIBRARY = "libc++";
				CLANG_ENABLE_MODULES = YES;
				CLANG_ENABLE_OBJC_ARC = YES;
				CLANG_WARN_BOOL_CONVERSION = YES;
				CLANG_WARN_CONSTANT_CONVERSION = YES;
				CLANG_WARN_DIRECT_OBJC_ISA_USAGE = YES_ERROR;
				CLANG_WARN_EMPTY_BODY = YES;
				CLANG_WARN_ENUM_CONVERSION = YES;
				CLANG_WARN_INT_CONVERSION = YES;
				CLANG_WARN_OBJC_ROOT_CLASS = YES_ERROR;
				CLANG_WARN_UNREACHABLE_CODE = YES;
				CLANG_WARN__DUPLICATE_METHOD_MATCH = YES;
				"CODE_SIGN_IDENTITY[sdk=iphoneos*]" = "iPhone Developer";
				COPY_PHASE_STRIP = NO;
				DEBUG_INFORMATION_FORMAT = "dwarf-with-dsym";
				ENABLE_NS_ASSERTIONS = NO;
				ENABLE_STRICT_OBJC_MSGSEND = YES;
				GCC_C_LANGUAGE_STANDARD = gnu99;
				GCC_NO_COMMON_BLOCKS = YES;
				GCC_WARN_64_TO_32_BIT_CONVERSION = YES;
				GCC_WARN_ABOUT_RETURN_TYPE = YES_ERROR;
				GCC_WARN_UNDECLARED_SELECTOR = YES;
				GCC_WARN_UNINITIALIZED_AUTOS = YES_AGGRESSIVE;
				GCC_WARN_UNUSED_FUNCTION = YES;
				GCC_WARN_UNUSED_VARIABLE = YES;
				IPHONEOS_DEPLOYMENT_TARGET = 9.3;
				MTL_ENABLE_DEBUG_INFO = NO;
				SDKROOT = iphoneos;
				VALIDATE_PRODUCT = YES;
			};
			name = Release;
		};
		D0F8FDC91D2D7C3B0070413A /* Debug */ = {
			isa = XCBuildConfiguration;
			buildSettings = {
				ASSETCATALOG_COMPILER_APPICON_NAME = AppIcon;
				INFOPLIST_FILE = KioskIOS/Info.plist;
				LD_RUNPATH_SEARCH_PATHS = "$(inherited) @executable_path/Frameworks";
				PRODUCT_BUNDLE_IDENTIFIER = com.techlung.KioskIOS;
				PRODUCT_NAME = "$(TARGET_NAME)";
			};
			name = Debug;
		};
		D0F8FDCA1D2D7C3B0070413A /* Release */ = {
			isa = XCBuildConfiguration;
			buildSettings = {
				ASSETCATALOG_COMPILER_APPICON_NAME = AppIcon;
				INFOPLIST_FILE = KioskIOS/Info.plist;
				LD_RUNPATH_SEARCH_PATHS = "$(inherited) @executable_path/Frameworks";
				PRODUCT_BUNDLE_IDENTIFIER = com.techlung.KioskIOS;
				PRODUCT_NAME = "$(TARGET_NAME)";
			};
			name = Release;
		};
/* End XCBuildConfiguration section */

/* Begin XCConfigurationList section */
		D0F8FDAE1D2D7C3B0070413A /* Build configuration list for PBXProject "KioskIOS" */ = {
			isa = XCConfigurationList;
			buildConfigurations = (
				D0F8FDC61D2D7C3B0070413A /* Debug */,
				D0F8FDC71D2D7C3B0070413A /* Release */,
			);
			defaultConfigurationIsVisible = 0;
			defaultConfigurationName = Release;
		};
		D0F8FDC81D2D7C3B0070413A /* Build configuration list for PBXNativeTarget "KioskIOS" */ = {
			isa = XCConfigurationList;
			buildConfigurations = (
				D0F8FDC91D2D7C3B0070413A /* Debug */,
				D0F8FDCA1D2D7C3B0070413A /* Release */,
			);
			defaultConfigurationIsVisible = 0;
			defaultConfigurationName = Release;
		};
/* End XCConfigurationList section */

/* Begin XCVersionGroup section */
		D0F8FDBD1D2D7C3B0070413A /* KioskIOS.xcdatamodeld */ = {
			isa = XCVersionGroup;
			children = (
				D0F8FDBE1D2D7C3B0070413A /* KioskIOS.xcdatamodel */,
			);
			currentVersion = D0F8FDBE1D2D7C3B0070413A /* KioskIOS.xcdatamodel */;
			path = KioskIOS.xcdatamodeld;
			sourceTree = "<group>";
			versionGroupType = wrapper.xcdatamodel;
		};
/* End XCVersionGroup section */
	};
	rootObject = D0F8FDAB1D2D7C3B0070413A /* Project object */;
}
